
Microsoft Visual Studio Solution File, Format Version 12.00
# Visual Studio Version 17
VisualStudioVersion = 17.4.33213.308
MinimumVisualStudioVersion = 10.0.40219.1
Project("{FAE04EC0-301F-11D3-BF4B-00C04F79EFBC}") = "GARBAGE", "GARBAGE.csproj", "{E626446F-0581-4400-8A8E-1AE1DCFD2A56}"
EndProject
Global
	GlobalSection(SolutionConfigurationPlatforms) = preSolution
		Debug|Any CPU = Debug|Any CPU
		Release|Any CPU = Release|Any CPU
	EndGlobalSection
	GlobalSection(ProjectConfigurationPlatforms) = postSolution
		{E626446F-0581-4400-8A8E-1AE1DCFD2A56}.Debug|Any CPU.ActiveCfg = Debug|Any CPU
		{E626446F-0581-4400-8A8E-1AE1DCFD2A56}.Debug|Any CPU.Build.0 = Debug|Any CPU
		{E626446F-0581-4400-8A8E-1AE1DCFD2A56}.Release|Any CPU.ActiveCfg = Release|Any CPU
		{E626446F-0581-4400-8A8E-1AE1DCFD2A56}.Release|Any CPU.Build.0 = Release|Any CPU
	EndGlobalSection
	GlobalSection(SolutionProperties) = preSolution
		HideSolutionNode = FALSE
	EndGlobalSection
	GlobalSection(ExtensibilityGlobals) = postSolution
		SolutionGuid = {9FD553C8-8524-445E-9F62-4D5807847C8A}
	EndGlobalSection
EndGlobal
